
Microsoft Visual Studio Solution File, Format Version 12.00
# Visual Studio Version 17
VisualStudioVersion = 17.4.33205.214
MinimumVisualStudioVersion = 10.0.40219.1
Project("{9A19103F-16F7-4668-BE54-9A1E7A4F7556}") = "ThePower", "ThePower\ThePower.csproj", "{A04EA125-0D0E-4C2F-99E6-C1E1B46D4C29}"
EndProject
Project("{9A19103F-16F7-4668-BE54-9A1E7A4F7556}") = "ThePower.Models", "ThePower.Models\ThePower.Models.csproj", "{65495EC9-31B1-4FD5-8408-CF3055B82939}"
EndProject
Project("{9A19103F-16F7-4668-BE54-9A1E7A4F7556}") = "ThePower.Data", "ThePower.Data\ThePower.Data.csproj", "{A4F1A5B3-7044-484E-8106-9D8109C5CAFB}"
EndProject
Project("{FAE04EC0-301F-11D3-BF4B-00C04F79EFBC}") = "ThePower.Utility", "StaticDetail\ThePower.Utility.csproj", "{784A2E50-43D6-45EC-AD40-EA9C40662F7C}"
EndProject
Global
	GlobalSection(SolutionConfigurationPlatforms) = preSolution
		Debug|Any CPU = Debug|Any CPU
		Release|Any CPU = Release|Any CPU
	EndGlobalSection
	GlobalSection(ProjectConfigurationPlatforms) = postSolution
		{A04EA125-0D0E-4C2F-99E6-C1E1B46D4C29}.Debug|Any CPU.ActiveCfg = Debug|Any CPU
		{A04EA125-0D0E-4C2F-99E6-C1E1B46D4C29}.Debug|Any CPU.Build.0 = Debug|Any CPU
		{A04EA125-0D0E-4C2F-99E6-C1E1B46D4C29}.Release|Any CPU.ActiveCfg = Release|Any CPU
		{A04EA125-0D0E-4C2F-99E6-C1E1B46D4C29}.Release|Any CPU.Build.0 = Release|Any CPU
		{65495EC9-31B1-4FD5-8408-CF3055B82939}.Debug|Any CPU.ActiveCfg = Debug|Any CPU
		{65495EC9-31B1-4FD5-8408-CF3055B82939}.Debug|Any CPU.Build.0 = Debug|Any CPU
		{65495EC9-31B1-4FD5-8408-CF3055B82939}.Release|Any CPU.ActiveCfg = Release|Any CPU
		{65495EC9-31B1-4FD5-8408-CF3055B82939}.Release|Any CPU.Build.0 = Release|Any CPU
		{A4F1A5B3-7044-484E-8106-9D8109C5CAFB}.Debug|Any CPU.ActiveCfg = Debug|Any CPU
		{A4F1A5B3-7044-484E-8106-9D8109C5CAFB}.Debug|Any CPU.Build.0 = Debug|Any CPU
		{A4F1A5B3-7044-484E-8106-9D8109C5CAFB}.Release|Any CPU.ActiveCfg = Release|Any CPU
		{A4F1A5B3-7044-484E-8106-9D8109C5CAFB}.Release|Any CPU.Build.0 = Release|Any CPU
		{784A2E50-43D6-45EC-AD40-EA9C40662F7C}.Debug|Any CPU.ActiveCfg = Debug|Any CPU
		{784A2E50-43D6-45EC-AD40-EA9C40662F7C}.Debug|Any CPU.Build.0 = Debug|Any CPU
		{784A2E50-43D6-45EC-AD40-EA9C40662F7C}.Release|Any CPU.ActiveCfg = Release|Any CPU
		{784A2E50-43D6-45EC-AD40-EA9C40662F7C}.Release|Any CPU.Build.0 = Release|Any CPU
	EndGlobalSection
	GlobalSection(SolutionProperties) = preSolution
		HideSolutionNode = FALSE
	EndGlobalSection
	GlobalSection(ExtensibilityGlobals) = postSolution
		SolutionGuid = {09544327-FE7F-47C6-9133-678A0CD0FE1F}
	EndGlobalSection
EndGlobal
